{
  "name": "Vessify-Assignment",
  "lockfileVersion": 3,
  "requires": true,
  "packages": {
    "": {
      "dependencies": {
        "@fontsource/inter": "^5.2.8",
        "@hono-rate-limiter/cloudflare": "^0.2.2",
        "@hono-rate-limiter/redis": "^0.1.4",
        "better-auth": "^1.4.12",
        "sonner": "^2.0.7"
      }
    },
    "node_modules/@better-auth/core": {
      "version": "1.4.12",
      "resolved": "https://registry.npmjs.org/@better-auth/core/-/core-1.4.12.tgz",
      "integrity": "sha512-VfqZwMAEl9rnGx092BIZ2Q5z8rt7jjN2OAbvPqehufSKZGmh8JsdtZRBMl/CHQir9bwi2Ev0UF4+7TQp+DXEMg==",
      "peer": true,
      "dependencies": {
        "@standard-schema/spec": "^1.0.0",
        "zod": "^4.1.12"
      },
      "peerDependencies": {
        "@better-auth/utils": "0.3.0",
        "@better-fetch/fetch": "1.1.21",
        "better-call": "1.1.7",
        "jose": "^6.1.0",
        "kysely": "^0.28.5",
        "nanostores": "^1.0.1"
      }
    },
    "node_modules/@better-auth/telemetry": {
      "version": "1.4.12",
      "resolved": "https://registry.npmjs.org/@better-auth/telemetry/-/telemetry-1.4.12.tgz",
      "integrity": "sha512-4q504Og42PzkUbZjXDt+FyeYaS0WZmAlEOC3nbBCZDObTVCRUnGgJW52B2maJ7BCVvAQgBGLEeQmQzU5+63J0A==",
      "dependencies": {
        "@better-auth/utils": "0.3.0",
        "@better-fetch/fetch": "1.1.21"
      },
      "peerDependencies": {
        "@better-auth/core": "1.4.12"
      }
    },
    "node_modules/@better-auth/utils": {
      "version": "0.3.0",
      "resolved": "https://registry.npmjs.org/@better-auth/utils/-/utils-0.3.0.tgz",
      "integrity": "sha512-W+Adw6ZA6mgvnSnhOki270rwJ42t4XzSK6YWGF//BbVXL6SwCLWfyzBc1lN2m/4RM28KubdBKQ4X5VMoLRNPQw==",
      "license": "MIT",
      "peer": true
    },
    "node_modules/@better-fetch/fetch": {
      "version": "1.1.21",
      "resolved": "https://registry.npmjs.org/@better-fetch/fetch/-/fetch-1.1.21.tgz",
      "integrity": "sha512-/ImESw0sskqlVR94jB+5+Pxjf+xBwDZF/N5+y2/q4EqD7IARUTSpPfIo8uf39SYpCxyOCtbyYpUrZ3F/k0zT4A==",
      "peer": true
    },
    "node_modules/@cloudflare/workers-types": {
      "version": "4.20260115.0",
      "resolved": "https://registry.npmjs.org/@cloudflare/workers-types/-/workers-types-4.20260115.0.tgz",
      "integrity": "sha512-vi68ZODh6m9fH9wdBOzDsyWgrYRIZbzZEAGGkvFn4b1FQSukxaWS8NAtSd/h9mL4gVK9hG8FEYq/jipdOo4RJg==",
      "license": "MIT OR Apache-2.0",
      "peer": true
    },
    "node_modules/@fontsource/inter": {
      "version": "5.2.8",
      "resolved": "https://registry.npmjs.org/@fontsource/inter/-/inter-5.2.8.tgz",
      "integrity": "sha512-P6r5WnJoKiNVV+zvW2xM13gNdFhAEpQ9dQJHt3naLvfg+LkF2ldgSLiF4T41lf1SQCM9QmkqPTn4TH568IRagg==",
      "license": "OFL-1.1",
      "funding": {
        "url": "https://github.com/sponsors/ayuhito"
      }
    },
    "node_modules/@hono-rate-limiter/cloudflare": {
      "version": "0.2.2",
      "resolved": "https://registry.npmjs.org/@hono-rate-limiter/cloudflare/-/cloudflare-0.2.2.tgz",
      "integrity": "sha512-wMnqeV+cb5Wov2npLIMFtCVm3tiNMtqw9LhPWSzSMwHOzh2qbhI3mCS6s962fxcJ6UUNJhRqDbVMEsB/NinCIQ==",
      "license": "MIT",
      "peerDependencies": {
        "@cloudflare/workers-types": "^4.20240529.0",
        "hono": "^4.4.8"
      }
    },
    "node_modules/@hono-rate-limiter/redis": {
      "version": "0.1.4",
      "resolved": "https://registry.npmjs.org/@hono-rate-limiter/redis/-/redis-0.1.4.tgz",
      "integrity": "sha512-RSrVX5N2Oo/xXApskegu667cBVHyr8RXGWnbRDGjU2py8pN4BttEKSHA0iKi3BAwh1xSkENgDRng4tpFD9DbKg==",
      "license": "MIT",
      "peerDependencies": {
        "hono-rate-limiter": "^0.2.1"
      }
    },
    "node_modules/@noble/ciphers": {
      "version": "2.1.1",
      "resolved": "https://registry.npmjs.org/@noble/ciphers/-/ciphers-2.1.1.tgz",
      "integrity": "sha512-bysYuiVfhxNJuldNXlFEitTVdNnYUc+XNJZd7Qm2a5j1vZHgY+fazadNFWFaMK/2vye0JVlxV3gHmC0WDfAOQw==",
      "license": "MIT",
      "engines": {
        "node": ">= 20.19.0"
      },
      "funding": {
        "url": "https://paulmillr.com/funding/"
      }
    },
    "node_modules/@noble/hashes": {
      "version": "2.0.1",
      "resolved": "https://registry.npmjs.org/@noble/hashes/-/hashes-2.0.1.tgz",
      "integrity": "sha512-XlOlEbQcE9fmuXxrVTXCTlG2nlRXa9Rj3rr5Ue/+tX+nmkgbX720YHh0VR3hBF9xDvwnb8D2shVGOwNx+ulArw==",
      "license": "MIT",
      "engines": {
        "node": ">= 20.19.0"
      },
      "funding": {
        "url": "https://paulmillr.com/funding/"
      }
    },
    "node_modules/@standard-schema/spec": {
      "version": "1.1.0",
      "resolved": "https://registry.npmjs.org/@standard-schema/spec/-/spec-1.1.0.tgz",
      "integrity": "sha512-l2aFy5jALhniG5HgqrD6jXLi/rUWrKvqN/qJx6yoJsgKhblVd+iqqU4RCXavm/jPityDo5TCvKMnpjKnOriy0w==",
      "license": "MIT"
    },
    "node_modules/better-auth": {
      "version": "1.4.12",
      "resolved": "https://registry.npmjs.org/better-auth/-/better-auth-1.4.12.tgz",
      "integrity": "sha512-FsFMnWgk+AGrxsIGbpWLCibgYcbm6uNhPHln3ohXFDXSRa0gk39Beuh54Q+x6ml2qYodF0snxf/tPtDpBI/JiA==",
      "license": "MIT",
      "dependencies": {
        "@better-auth/core": "1.4.12",
        "@better-auth/telemetry": "1.4.12",
        "@better-auth/utils": "0.3.0",
        "@better-fetch/fetch": "1.1.21",
        "@noble/ciphers": "^2.0.0",
        "@noble/hashes": "^2.0.0",
        "better-call": "1.1.7",
        "defu": "^6.1.4",
        "jose": "^6.1.0",
        "kysely": "^0.28.5",
        "nanostores": "^1.0.1",
        "zod": "^4.1.12"
      },
      "peerDependencies": {
        "@lynx-js/react": "*",
        "@prisma/client": "^5.0.0 || ^6.0.0 || ^7.0.0",
        "@sveltejs/kit": "^2.0.0",
        "@tanstack/react-start": "^1.0.0",
        "better-sqlite3": "^12.0.0",
        "drizzle-kit": ">=0.31.4",
        "drizzle-orm": ">=0.41.0",
        "mongodb": "^6.0.0 || ^7.0.0",
        "mysql2": "^3.0.0",
        "next": "^14.0.0 || ^15.0.0 || ^16.0.0",
        "pg": "^8.0.0",
        "prisma": "^5.0.0 || ^6.0.0 || ^7.0.0",
        "react": "^18.0.0 || ^19.0.0",
        "react-dom": "^18.0.0 || ^19.0.0",
        "solid-js": "^1.0.0",
        "svelte": "^4.0.0 || ^5.0.0",
        "vitest": "^2.0.0 || ^3.0.0 || ^4.0.0",
        "vue": "^3.0.0"
      },
      "peerDependenciesMeta": {
        "@lynx-js/react": {
          "optional": true
        },
        "@prisma/client": {
          "optional": true
        },
        "@sveltejs/kit": {
          "optional": true
        },
        "@tanstack/react-start": {
          "optional": true
        },
        "better-sqlite3": {
          "optional": true
        },
        "drizzle-kit": {
          "optional": true
        },
        "drizzle-orm": {
          "optional": true
        },
        "mongodb": {
          "optional": true
        },
        "mysql2": {
          "optional": true
        },
        "next": {
          "optional": true
        },
        "pg": {
          "optional": true
        },
        "prisma": {
          "optional": true
        },
        "react": {
          "optional": true
        },
        "react-dom": {
          "optional": true
        },
        "solid-js": {
          "optional": true
        },
        "svelte": {
          "optional": true
        },
        "vitest": {
          "optional": true
        },
        "vue": {
          "optional": true
        }
      }
    },
    "node_modules/better-call": {
      "version": "1.1.7",
      "resolved": "https://registry.npmjs.org/better-call/-/better-call-1.1.7.tgz",
      "integrity": "sha512-6gaJe1bBIEgVebQu/7q9saahVzvBsGaByEnE8aDVncZEDiJO7sdNB28ot9I6iXSbR25egGmmZ6aIURXyQHRraQ==",
      "license": "MIT",
      "peer": true,
      "dependencies": {
        "@better-auth/utils": "^0.3.0",
        "@better-fetch/fetch": "^1.1.4",
        "rou3": "^0.7.10",
        "set-cookie-parser": "^2.7.1"
      },
      "peerDependencies": {
        "zod": "^4.0.0"
      },
      "peerDependenciesMeta": {
        "zod": {
          "optional": true
        }
      }
    },
    "node_modules/defu": {
      "version": "6.1.4",
      "resolved": "https://registry.npmjs.org/defu/-/defu-6.1.4.tgz",
      "integrity": "sha512-mEQCMmwJu317oSz8CwdIOdwf3xMif1ttiM8LTufzc3g6kR+9Pe236twL8j3IYT1F7GfRgGcW6MWxzZjLIkuHIg==",
      "license": "MIT"
    },
    "node_modules/hono": {
      "version": "4.11.4",
      "resolved": "https://registry.npmjs.org/hono/-/hono-4.11.4.tgz",
      "integrity": "sha512-U7tt8JsyrxSRKspfhtLET79pU8K+tInj5QZXs1jSugO1Vq5dFj3kmZsRldo29mTBfcjDRVRXrEZ6LS63Cog9ZA==",
      "license": "MIT",
      "peer": true,
      "engines": {
        "node": ">=16.9.0"
      }
    },
    "node_modules/hono-rate-limiter": {
      "version": "0.2.3",
      "resolved": "https://registry.npmjs.org/hono-rate-limiter/-/hono-rate-limiter-0.2.3.tgz",
      "integrity": "sha512-/pQIJWMd8saoySMoM3rhHNiC3XtZuZDkxBvtnPmRKrpNBZIG38k0cs+nVmBW5pc8HAmkS+I/14rbHfRObekWmw==",
      "license": "MIT",
      "peer": true,
      "peerDependencies": {
        "hono": "^4.1.1"
      }
    },
    "node_modules/jose": {
      "version": "6.1.3",
      "resolved": "https://registry.npmjs.org/jose/-/jose-6.1.3.tgz",
      "integrity": "sha512-0TpaTfihd4QMNwrz/ob2Bp7X04yuxJkjRGi4aKmOqwhov54i6u79oCv7T+C7lo70MKH6BesI3vscD1yb/yzKXQ==",
      "license": "MIT",
      "peer": true,
      "funding": {
        "url": "https://github.com/sponsors/panva"
      }
    },
    "node_modules/kysely": {
      "version": "0.28.9",
      "resolved": "https://registry.npmjs.org/kysely/-/kysely-0.28.9.tgz",
      "integrity": "sha512-3BeXMoiOhpOwu62CiVpO6lxfq4eS6KMYfQdMsN/2kUCRNuF2YiEr7u0HLHaQU+O4Xu8YXE3bHVkwaQ85i72EuA==",
      "license": "MIT",
      "peer": true,
      "engines": {
        "node": ">=20.0.0"
      }
    },
    "node_modules/nanostores": {
      "version": "1.1.0",
      "resolved": "https://registry.npmjs.org/nanostores/-/nanostores-1.1.0.tgz",
      "integrity": "sha512-yJBmDJr18xy47dbNVlHcgdPrulSn1nhSE6Ns9vTG+Nx9VPT6iV1MD6aQFp/t52zpf82FhLLTXAXr30NuCnxvwA==",
      "funding": [
        {
          "type": "github",
          "url": "https://github.com/sponsors/ai"
        }
      ],
      "license": "MIT",
      "peer": true,
      "engines": {
        "node": "^20.0.0 || >=22.0.0"
      }
    },
    "node_modules/react": {
      "version": "19.2.3",
      "resolved": "https://registry.npmjs.org/react/-/react-19.2.3.tgz",
      "integrity": "sha512-Ku/hhYbVjOQnXDZFv2+RibmLFGwFdeeKHFcOTlrt7xplBnya5OGn/hIRDsqDiSUcfORsDC7MPxwork8jBwsIWA==",
      "license": "MIT",
      "peer": true,
      "engines": {
        "node": ">=0.10.0"
      }
    },
    "node_modules/react-dom": {
      "version": "19.2.3",
      "resolved": "https://registry.npmjs.org/react-dom/-/react-dom-19.2.3.tgz",
      "integrity": "sha512-yELu4WmLPw5Mr/lmeEpox5rw3RETacE++JgHqQzd2dg+YbJuat3jH4ingc+WPZhxaoFzdv9y33G+F7Nl5O0GBg==",
      "license": "MIT",
      "peer": true,
      "dependencies": {
        "scheduler": "^0.27.0"
      },
      "peerDependencies": {
        "react": "^19.2.3"
      }
    },
    "node_modules/rou3": {
      "version": "0.7.12",
      "resolved": "https://registry.npmjs.org/rou3/-/rou3-0.7.12.tgz",
      "integrity": "sha512-iFE4hLDuloSWcD7mjdCDhx2bKcIsYbtOTpfH5MHHLSKMOUyjqQXTeZVa289uuwEGEKFoE/BAPbhaU4B774nceg==",
      "license": "MIT"
    },
    "node_modules/scheduler": {
      "version": "0.27.0",
      "resolved": "https://registry.npmjs.org/scheduler/-/scheduler-0.27.0.tgz",
      "integrity": "sha512-eNv+WrVbKu1f3vbYJT/xtiF5syA5HPIMtf9IgY/nKg0sWqzAUEvqY/xm7OcZc/qafLx/iO9FgOmeSAp4v5ti/Q==",
      "license": "MIT"
    },
    "node_modules/set-cookie-parser": {
      "version": "2.7.2",
      "resolved": "https://registry.npmjs.org/set-cookie-parser/-/set-cookie-parser-2.7.2.tgz",
      "integrity": "sha512-oeM1lpU/UvhTxw+g3cIfxXHyJRc/uidd3yK1P242gzHds0udQBYzs3y8j4gCCW+ZJ7ad0yctld8RYO+bdurlvw==",
      "license": "MIT"
    },
    "node_modules/sonner": {
      "version": "2.0.7",
      "resolved": "https://registry.npmjs.org/sonner/-/sonner-2.0.7.tgz",
      "integrity": "sha512-W6ZN4p58k8aDKA4XPcx2hpIQXBRAgyiWVkYhT7CvK6D3iAu7xjvVyhQHg2/iaKJZ1XVJ4r7XuwGL+WGEK37i9w==",
      "license": "MIT",
      "peerDependencies": {
        "react": "^18.0.0 || ^19.0.0 || ^19.0.0-rc",
        "react-dom": "^18.0.0 || ^19.0.0 || ^19.0.0-rc"
      }
    },
    "node_modules/zod": {
      "version": "4.3.5",
      "resolved": "https://registry.npmjs.org/zod/-/zod-4.3.5.tgz",
      "integrity": "sha512-k7Nwx6vuWx1IJ9Bjuf4Zt1PEllcwe7cls3VNzm4CQ1/hgtFUK2bRNG3rvnpPUhFjmqJKAKtjV576KnUkHocg/g==",
      "license": "MIT",
      "funding": {
        "url": "https://github.com/sponsors/colinhacks"
      }
    }
  }
}
